
Microsoft Visual Studio Solution File, Format Version 12.00
# Visual Studio Version 17
VisualStudioVersion = 17.10.35013.160
MinimumVisualStudioVersion = 10.0.40219.1
Project("{9A19103F-16F7-4668-BE54-9A1E7A4F7556}") = "FetchMatch", "FetchMatch\FetchMatch.csproj", "{12DA79A0-D483-43F3-B63B-8A1F54E1DE3E}"
EndProject
Project("{9A19103F-16F7-4668-BE54-9A1E7A4F7556}") = "FetchMatch.Tests", "FetchMatch.Tests\FetchMatch.Tests.csproj", "{B8D6EA2D-85A8-4DFB-AE0C-4A1B4E92570C}"
EndProject
Global
	GlobalSection(SolutionConfigurationPlatforms) = preSolution
		Debug|Any CPU = Debug|Any CPU
		Release|Any CPU = Release|Any CPU
	EndGlobalSection
	GlobalSection(ProjectConfigurationPlatforms) = postSolution
		{12DA79A0-D483-43F3-B63B-8A1F54E1DE3E}.Debug|Any CPU.ActiveCfg = Debug|Any CPU
		{12DA79A0-D483-43F3-B63B-8A1F54E1DE3E}.Debug|Any CPU.Build.0 = Debug|Any CPU
		{12DA79A0-D483-43F3-B63B-8A1F54E1DE3E}.Release|Any CPU.ActiveCfg = Release|Any CPU
		{12DA79A0-D483-43F3-B63B-8A1F54E1DE3E}.Release|Any CPU.Build.0 = Release|Any CPU
		{B8D6EA2D-85A8-4DFB-AE0C-4A1B4E92570C}.Debug|Any CPU.ActiveCfg = Debug|Any CPU
		{B8D6EA2D-85A8-4DFB-AE0C-4A1B4E92570C}.Debug|Any CPU.Build.0 = Debug|Any CPU
		{B8D6EA2D-85A8-4DFB-AE0C-4A1B4E92570C}.Release|Any CPU.ActiveCfg = Release|Any CPU
		{B8D6EA2D-85A8-4DFB-AE0C-4A1B4E92570C}.Release|Any CPU.Build.0 = Release|Any CPU
	EndGlobalSection
	GlobalSection(SolutionProperties) = preSolution
		HideSolutionNode = FALSE
	EndGlobalSection
	GlobalSection(ExtensibilityGlobals) = postSolution
		SolutionGuid = {E7AD109C-42F1-4BAD-BDC7-1AA3A961D153}
	EndGlobalSection
EndGlobal
